// !$*UTF8*$!
{
	archiveVersion = 1;
	classes = {
	};
	objectVersion = 46;
	objects = {

/* Begin PBXBuildFile section */
		752ABB091DCEE59A0003C114 /* AppDelegate.swift in Sources */ = {isa = PBXBuildFile; fileRef = 752ABB081DCEE59A0003C114 /* AppDelegate.swift */; };
		752ABB0B1DCEE59A0003C114 /* ViewController.swift in Sources */ = {isa = PBXBuildFile; fileRef = 752ABB0A1DCEE59A0003C114 /* ViewController.swift */; };
		752ABB0E1DCEE59A0003C114 /* Main.storyboard in Resources */ = {isa = PBXBuildFile; fileRef = 752ABB0C1DCEE59A0003C114 /* Main.storyboard */; };
		752ABB101DCEE59A0003C114 /* Assets.xcassets in Resources */ = {isa = PBXBuildFile; fileRef = 752ABB0F1DCEE59A0003C114 /* Assets.xcassets */; };
		752ABB131DCEE59A0003C114 /* LaunchScreen.storyboard in Resources */ = {isa = PBXBuildFile; fileRef = 752ABB111DCEE59A0003C114 /* LaunchScreen.storyboard */; };
		752ABB1C1DCEE7900003C114 /* ScrubWheel.swift in Sources */ = {isa = PBXBuildFile; fileRef = 752ABB1B1DCEE7900003C114 /* ScrubWheel.swift */; };
/* End PBXBuildFile section */

/* Begin PBXFileReference section */
		752ABB051DCEE59A0003C114 /* ScrubWheel.app */ = {isa = PBXFileReference; explicitFileType = wrapper.application; includeInIndex = 0; path = ScrubWheel.app; sourceTree = BUILT_PRODUCTS_DIR; };
		752ABB081DCEE59A0003C114 /* AppDelegate.swift */ = {isa = PBXFileReference; lastKnownFileType = sourcecode.swift; path = AppDelegate.swift; sourceTree = "<group>"; };
		752ABB0A1DCEE59A0003C114 /* ViewController.swift */ = {isa = PBXFileReference; lastKnownFileType = sourcecode.swift; path = ViewController.swift; sourceTree = "<group>"; };
		752ABB0D1DCEE59A0003C114 /* Base */ = {isa = PBXFileReference; lastKnownFileType = file.storyboard; name = Base; path = Base.lproj/Main.storyboard; sourceTree = "<group>"; };
		752ABB0F1DCEE59A0003C114 /* Assets.xcassets */ = {isa = PBXFileReference; lastKnownFileType = folder.assetcatalog; path = Assets.xcassets; sourceTree = "<group>"; };
		752ABB121DCEE59A0003C114 /* Base */ = {isa = PBXFileReference; lastKnownFileType = file.storyboard; name = Base; path = Base.lproj/LaunchScreen.storyboard; sourceTree = "<group>"; };
		752ABB141DCEE59A0003C114 /* Info.plist */ = {isa = PBXFileReference; lastKnownFileType = text.plist.xml; path = Info.plist; sourceTree = "<group>"; };
		752ABB1B1DCEE7900003C114 /* ScrubWheel.swift */ = {isa = PBXFileReference; fileEncoding = 4; lastKnownFileType = sourcecode.swift; path = ScrubWheel.swift; sourceTree = "<group>"; };
/* End PBXFileReference section */

/* Begin PBXFrameworksBuildPhase section */
		752ABB021DCEE59A0003C114 /* Frameworks */ = {
			isa = PBXFrameworksBuildPhase;
			buildActionMask = 2147483647;
			files = (
			);
			runOnlyForDeploymentPostprocessing = 0;
		};
/* End PBXFrameworksBuildPhase section */

/* Begin PBXGroup section */
		752ABAFC1DCEE59A0003C114 = {
			isa = PBXGroup;
			children = (
				752ABB071DCEE59A0003C114 /* ScrubWheel */,
				752ABB061DCEE59A0003C114 /* Products */,
			);
			sourceTree = "<group>";
		};
		752ABB061DCEE59A0003C114 /* Products */ = {
			isa = PBXGroup;
			children = (
				752ABB051DCEE59A0003C114 /* ScrubWheel.app */,
			);
			name = Products;
			sourceTree = "<group>";
		};
		752ABB071DCEE59A0003C114 /* ScrubWheel */ = {
			isa = PBXGroup;
			children = (
				752ABB1B1DCEE7900003C114 /* ScrubWheel.swift */,
				752ABB081DCEE59A0003C114 /* AppDelegate.swift */,
				752ABB0A1DCEE59A0003C114 /* ViewController.swift */,
				752ABB0C1DCEE59A0003C114 /* Main.storyboard */,
				752ABB0F1DCEE59A0003C114 /* Assets.xcassets */,
				752ABB111DCEE59A0003C114 /* LaunchScreen.storyboard */,
				752ABB141DCEE59A0003C114 /* Info.plist */,
			);
			path = ScrubWheel;
			sourceTree = "<group>";
		};
/* End PBXGroup section */

/* Begin PBXNativeTarget section */
		752ABB041DCEE59A0003C114 /* ScrubWheel */ = {
			isa = PBXNativeTarget;
			buildConfigurationList = 752ABB171DCEE59B0003C114 /* Build configuration list for PBXNativeTarget "ScrubWheel" */;
			buildPhases = (
				752ABB011DCEE59A0003C114 /* Sources */,
				752ABB021DCEE59A0003C114 /* Frameworks */,
				752ABB031DCEE59A0003C114 /* Resources */,
			);
			buildRules = (
			);
			dependencies = (
			);
			name = ScrubWheel;
			productName = ScrubWheel;
			productReference = 752ABB051DCEE59A0003C114 /* ScrubWheel.app */;
			productType = "com.apple.product-type.application";
		};
/* End PBXNativeTarget section */

/* Begin PBXProject section */
		752ABAFD1DCEE59A0003C114 /* Project object */ = {
			isa = PBXProject;
			attributes = {
				LastSwiftUpdateCheck = 0810;
				LastUpgradeCheck = 0810;
				ORGANIZATIONNAME = "Claybrook Software";
				TargetAttributes = {
					752ABB041DCEE59A0003C114 = {
						CreatedOnToolsVersion = 8.1;
						DevelopmentTeam = 4SGAZDJL4U;
						ProvisioningStyle = Automatic;
					};
				};
			};
			buildConfigurationList = 752ABB001DCEE59A0003C114 /* Build configuration list for PBXProject "ScrubWheel" */;
			compatibilityVersion = "Xcode 3.2";
			developmentRegion = English;
			hasScannedForEncodings = 0;
			knownRegions = (
				en,
				Base,
			);
			mainGroup = 752ABAFC1DCEE59A0003C114;
			productRefGroup = 752ABB061DCEE59A0003C114 /* Products */;
			projectDirPath = "";
			projectRoot = "";
			targets = (
				752ABB041DCEE59A0003C114 /* ScrubWheel */,
			);
		};
/* End PBXProject section */

/* Begin PBXResourcesBuildPhase section */
		752ABB031DCEE59A0003C114 /* Resources */ = {
			isa = PBXResourcesBuildPhase;
			buildActionMask = 2147483647;
			files = (
				752ABB131DCEE59A0003C114 /* LaunchScreen.storyboard in Resources */,
				752ABB101DCEE59A0003C114 /* Assets.xcassets in Resources */,
				752ABB0E1DCEE59A0003C114 /* Main.storyboard in Resources */,
			);
			runOnlyForDeploymentPostprocessing = 0;
		};
/* End PBXResourcesBuildPhase section */

/* Begin PBXSourcesBuildPhase section */
		752ABB011DCEE59A0003C114 /* Sources */ = {
			isa = PBXSourcesBuildPhase;
			buildActionMask = 2147483647;
			files = (
				752ABB0B1DCEE59A0003C114 /* ViewController.swift in Sources */,
				752ABB091DCEE59A0003C114 /* AppDelegate.swift in Sources */,
				752ABB1C1DCEE7900003C114 /* ScrubWheel.swift in Sources */,
			);
			runOnlyForDeploymentPostprocessing = 0;
		};
/* End PBXSourcesBuildPhase section */

/* Begin PBXVariantGroup section */
		752ABB0C1DCEE59A0003C114 /* Main.storyboard */ = {
			isa = PBXVariantGroup;
			children = (
				752ABB0D1DCEE59A0003C114 /* Base */,
			);
			name = Main.storyboard;
			sourceTree = "<group>";
		};
		752ABB111DCEE59A0003C114 /* LaunchScreen.storyboard */ = {
			isa = PBXVariantGroup;
			children = (
				752ABB121DCEE59A0003C114 /* Base */,
			);
			name = LaunchScreen.storyboard;
			sourceTree = "<group>";
		};
/* End PBXVariantGroup section */

/* Begin XCBuildConfiguration section */
		752ABB151DCEE59B0003C114 /* Debug */ = {
			isa = XCBuildConfiguration;
			buildSettings = {
				ALWAYS_SEARCH_USER_PATHS = NO;
				CLANG_ANALYZER_NONNULL = YES;
				CLANG_CXX_LANGUAGE_STANDARD = "gnu++0x";
				CLANG_CXX_LIBRARY = "libc++";
				CLANG_ENABLE_MODULES = YES;
				CLANG_ENABLE_OBJC_ARC = YES;
				CLANG_WARN_BOOL_CONVERSION = YES;
				CLANG_WARN_CONSTANT_CONVERSION = YES;
				CLANG_WARN_DIRECT_OBJC_ISA_USAGE = YES_ERROR;
				CLANG_WARN_DOCUMENTATION_COMMENTS = YES;
				CLANG_WARN_EMPTY_BODY = YES;
				CLANG_WARN_ENUM_CONVERSION = YES;
				CLANG_WARN_INFINITE_RECURSION = YES;
				CLANG_WARN_INT_CONVERSION = YES;
				CLANG_WARN_OBJC_ROOT_CLASS = YES_ERROR;
				CLANG_WARN_SUSPICIOUS_MOVES = YES;
				CLANG_WARN_UNREACHABLE_CODE = YES;
				CLANG_WARN__DUPLICATE_METHOD_MATCH = YES;
				"CODE_SIGN_IDENTITY[sdk=iphoneos*]" = "iPhone Developer";
				COPY_PHASE_STRIP = NO;
				DEBUG_INFORMATION_FORMAT = dwarf;
				ENABLE_STRICT_OBJC_MSGSEND = YES;
				ENABLE_TESTABILITY = YES;
				GCC_C_LANGUAGE_STANDARD = gnu99;
				GCC_DYNAMIC_NO_PIC = NO;
				GCC_NO_COMMON_BLOCKS = YES;
				GCC_OPTIMIZATION_LEVEL = 0;
				GCC_PREPROCESSOR_DEFINITIONS = (
					"DEBUG=1",
					"$(inherited)",
				);
				GCC_WARN_64_TO_32_BIT_CONVERSION = YES;
				GCC_WARN_ABOUT_RETURN_TYPE = YES_ERROR;
				GCC_WARN_UNDECLARED_SELECTOR = YES;
				GCC_WARN_UNINITIALIZED_AUTOS = YES_AGGRESSIVE;
				GCC_WARN_UNUSED_FUNCTION = YES;
				GCC_WARN_UNUSED_VARIABLE = YES;
				IPHONEOS_DEPLOYMENT_TARGET = 10.1;
				MTL_ENABLE_DEBUG_INFO = YES;
				ONLY_ACTIVE_ARCH = YES;
				SDKROOT = iphoneos;
				SWIFT_ACTIVE_COMPILATION_CONDITIONS = DEBUG;
				SWIFT_OPTIMIZATION_LEVEL = "-Onone";
				TARGETED_DEVICE_FAMILY = "1,2";
			};
			name = Debug;
		};
		752ABB161DCEE59B0003C114 /* Release */ = {
			isa = XCBuildConfiguration;
			buildSettings = {
				ALWAYS_SEARCH_USER_PATHS = NO;
				CLANG_ANALYZER_NONNULL = YES;
				CLANG_CXX_LANGUAGE_STANDARD = "gnu++0x";
				CLANG_CXX_LIBRARY = "libc++";
				CLANG_ENABLE_MODULES = YES;
				CLANG_ENABLE_OBJC_ARC = YES;
				CLANG_WARN_BOOL_CONVERSION = YES;
				CLANG_WARN_CONSTANT_CONVERSION = YES;
				CLANG_WARN_DIRECT_OBJC_ISA_USAGE = YES_ERROR;
				CLANG_WARN_DOCUMENTATION_COMMENTS = YES;
				CLANG_WARN_EMPTY_BODY = YES;
				CLANG_WARN_ENUM_CONVERSION = YES;
				CLANG_WARN_INFINITE_RECURSION = YES;
				CLANG_WARN_INT_CONVERSION = YES;
				CLANG_WARN_OBJC_ROOT_CLASS = YES_ERROR;
				CLANG_WARN_SUSPICIOUS_MOVES = YES;
				CLANG_WARN_UNREACHABLE_CODE = YES;
				CLANG_WARN__DUPLICATE_METHOD_MATCH = YES;
				"CODE_SIGN_IDENTITY[sdk=iphoneos*]" = "iPhone Developer";
				COPY_PHASE_STRIP = NO;
				DEBUG_INFORMATION_FORMAT = "dwarf-with-dsym";
				ENABLE_NS_ASSERTIONS = NO;
				ENABLE_STRICT_OBJC_MSGSEND = YES;
				GCC_C_LANGUAGE_STANDARD = gnu99;
				GCC_NO_COMMON_BLOCKS = YES;
				GCC_WARN_64_TO_32_BIT_CONVERSION = YES;
				GCC_WARN_ABOUT_RETURN_TYPE = YES_ERROR;
				GCC_WARN_UNDECLARED_SELECTOR = YES;
				GCC_WARN_UNINITIALIZED_AUTOS = YES_AGGRESSIVE;
				GCC_WARN_UNUSED_FUNCTION = YES;
				GCC_WARN_UNUSED_VARIABLE = YES;
				IPHONEOS_DEPLOYMENT_TARGET = 10.1;
				MTL_ENABLE_DEBUG_INFO = NO;
				SDKROOT = iphoneos;
				SWIFT_OPTIMIZATION_LEVEL = "-Owholemodule";
				TARGETED_DEVICE_FAMILY = "1,2";
				VALIDATE_PRODUCT = YES;
			};
			name = Release;
		};
		752ABB181DCEE59B0003C114 /* Debug */ = {
			isa = XCBuildConfiguration;
			buildSettings = {
				ASSETCATALOG_COMPILER_APPICON_NAME = AppIcon;
				DEVELOPMENT_TEAM = 4SGAZDJL4U;
				INFOPLIST_FILE = ScrubWheel/Info.plist;
				LD_RUNPATH_SEARCH_PATHS = "$(inherited) @executable_path/Frameworks";
				PRODUCT_BUNDLE_IDENTIFIER = com.claybrooksoftware.ScrubWheel;
				PRODUCT_NAME = "$(TARGET_NAME)";
				SWIFT_VERSION = 3.0;
			};
			name = Debug;
		};
		752ABB191DCEE59B0003C114 /* Release */ = {
			isa = XCBuildConfiguration;
			buildSettings = {
				ASSETCATALOG_COMPILER_APPICON_NAME = AppIcon;
				DEVELOPMENT_TEAM = 4SGAZDJL4U;
				INFOPLIST_FILE = ScrubWheel/Info.plist;
				LD_RUNPATH_SEARCH_PATHS = "$(inherited) @executable_path/Frameworks";
				PRODUCT_BUNDLE_IDENTIFIER = com.claybrooksoftware.ScrubWheel;
				PRODUCT_NAME = "$(TARGET_NAME)";
				SWIFT_VERSION = 3.0;
			};
			name = Release;
		};
/* End XCBuildConfiguration section */

/* Begin XCConfigurationList section */
		752ABB001DCEE59A0003C114 /* Build configuration list for PBXProject "ScrubWheel" */ = {
			isa = XCConfigurationList;
			buildConfigurations = (
				752ABB151DCEE59B0003C114 /* Debug */,
				752ABB161DCEE59B0003C114 /* Release */,
			);
			defaultConfigurationIsVisible = 0;
			defaultConfigurationName = Release;
		};
		752ABB171DCEE59B0003C114 /* Build configuration list for PBXNativeTarget "ScrubWheel" */ = {
			isa = XCConfigurationList;
			buildConfigurations = (
				752ABB181DCEE59B0003C114 /* Debug */,
				752ABB191DCEE59B0003C114 /* Release */,
			);
			defaultConfigurationIsVisible = 0;
		};
/* End XCConfigurationList section */
	};
	rootObject = 752ABAFD1DCEE59A0003C114 /* Project object */;
}
